{
  "name": "openecs-demo",
  "version": "0.1.0",
  "lockfileVersion": 3,
  "requires": true,
  "packages": {
    "": {
      "name": "openecs-demo",
      "version": "0.1.0",
      "dependencies": {
        "openecs-js": "file:../openecs-js"
      },
      "engines": {
        "node": ">=18"
      }
    },
    "../openecs-js": {
      "version": "0.1.0",
      "license": "MIT",
      "engines": {
        "node": ">=18"
      }
    },
    "node_modules/openecs-js": {
      "resolved": "../openecs-js",
      "link": true
    }
  }
}
